// !$*UTF8*$!
{
	archiveVersion = 1;
	classes = {
	};
	objectVersion = 56;
	objects = {

/* Begin PBXBuildFile section */
		162CC187495136CB6267EFAD /* Pods_EyeAeonTests.framework in Frameworks */ = {isa = PBXBuildFile; fileRef = 048948865CFF62A84524B530 /* Pods_EyeAeonTests.framework */; };
		B4944E8276CAB4E05C9C5335 /* Pods_EyeAeon.framework in Frameworks */ = {isa = PBXBuildFile; fileRef = C731D0D9796B1371DF537690 /* Pods_EyeAeon.framework */; };
		DA09FF3A2C3A22C800A37750 /* SplashScreenView.swift in Sources */ = {isa = PBXBuildFile; fileRef = DA09FF392C3A22C800A37750 /* SplashScreenView.swift */; };
		DA09FF3C2C3A25E000A37750 /* LoginView.swift in Sources */ = {isa = PBXBuildFile; fileRef = DA09FF3B2C3A25E000A37750 /* LoginView.swift */; };
		DA09FF3E2C3CC9F700A37750 /* CustomTextField.swift in Sources */ = {isa = PBXBuildFile; fileRef = DA09FF3D2C3CC9F700A37750 /* CustomTextField.swift */; };
		DA09FF402C3E048F00A37750 /* LoginViewModel.swift in Sources */ = {isa = PBXBuildFile; fileRef = DA09FF3F2C3E048F00A37750 /* LoginViewModel.swift */; };
		DA09FF422C3E06F300A37750 /* MainView.swift in Sources */ = {isa = PBXBuildFile; fileRef = DA09FF412C3E06F300A37750 /* MainView.swift */; };
		DA09FF452C3F6F8300A37750 /* SignupView.swift in Sources */ = {isa = PBXBuildFile; fileRef = DA09FF442C3F6F8300A37750 /* SignupView.swift */; };
		DA1E12F62C45B3FE0079EF85 /* MainPageView.swift in Sources */ = {isa = PBXBuildFile; fileRef = DA1E12F52C45B3FE0079EF85 /* MainPageView.swift */; };
		DA1E12F82C45BC270079EF85 /* View+Extensions.swift in Sources */ = {isa = PBXBuildFile; fileRef = DA1E12F72C45BC270079EF85 /* View+Extensions.swift */; };
		DA1E12FA2C45D9160079EF85 /* TextDetectionView.swift in Sources */ = {isa = PBXBuildFile; fileRef = DA1E12F92C45D9160079EF85 /* TextDetectionView.swift */; };
		DA1E12FC2C486C210079EF85 /* ImagePickerCoordinator.swift in Sources */ = {isa = PBXBuildFile; fileRef = DA1E12FB2C486C210079EF85 /* ImagePickerCoordinator.swift */; };
		DA1E12FE2C48822E0079EF85 /* ImageDetectionView.swift in Sources */ = {isa = PBXBuildFile; fileRef = DA1E12FD2C48822E0079EF85 /* ImageDetectionView.swift */; };
		DA1E13002C48824C0079EF85 /* VideoDetectionView.swift in Sources */ = {isa = PBXBuildFile; fileRef = DA1E12FF2C48824C0079EF85 /* VideoDetectionView.swift */; };
		DA1E13022C4882680079EF85 /* AudioDetectionView.swift in Sources */ = {isa = PBXBuildFile; fileRef = DA1E13012C4882680079EF85 /* AudioDetectionView.swift */; };
		DA2E83E62C55A6AA00052F50 /* UserModel.swift in Sources */ = {isa = PBXBuildFile; fileRef = DA2E83E52C55A6AA00052F50 /* UserModel.swift */; };
		DA2E83E82C55A80D00052F50 /* ProfileView.swift in Sources */ = {isa = PBXBuildFile; fileRef = DA2E83E72C55A80D00052F50 /* ProfileView.swift */; };
		DA2E83EA2C55A87100052F50 /* ImagePicker.swift in Sources */ = {isa = PBXBuildFile; fileRef = DA2E83E92C55A87100052F50 /* ImagePicker.swift */; };
		DA60D89D2C66F250007D5547 /* AnalyticsDashboardView.swift in Sources */ = {isa = PBXBuildFile; fileRef = DA60D89C2C66F250007D5547 /* AnalyticsDashboardView.swift */; };
		DA6CCD522C5DB4AF00342618 /* credentials.plist in Resources */ = {isa = PBXBuildFile; fileRef = DA6CCD512C5DB4AF00342618 /* credentials.plist */; };
		DA6CCD542C5DBF3800342618 /* GoogleService-Info.plist in Resources */ = {isa = PBXBuildFile; fileRef = DA6CCD532C5DBF3800342618 /* GoogleService-Info.plist */; };
		DA940BB42C67F638002EA6DB /* Detection.swift in Sources */ = {isa = PBXBuildFile; fileRef = DA940BB32C67F638002EA6DB /* Detection.swift */; };
		DA940BB62C68149F002EA6DB /* CameraView.swift in Sources */ = {isa = PBXBuildFile; fileRef = DA940BB52C68149F002EA6DB /* CameraView.swift */; };
		DA94F7D72C571B080047FD5F /* SceneDelegate.swift in Sources */ = {isa = PBXBuildFile; fileRef = DA94F7D62C571B080047FD5F /* SceneDelegate.swift */; };
		DA94F7D92C59B93F0047FD5F /* AppState.swift in Sources */ = {isa = PBXBuildFile; fileRef = DA94F7D82C59B93F0047FD5F /* AppState.swift */; };
		DAAFCD342C4F173000120A14 /* Starbucks.m4a in Resources */ = {isa = PBXBuildFile; fileRef = DAAFCD332C4F173000120A14 /* Starbucks.m4a */; };
		DAAFCD3A2C505D5D00120A14 /* SharedDataModel.swift in Sources */ = {isa = PBXBuildFile; fileRef = DAAFCD392C505D5D00120A14 /* SharedDataModel.swift */; };
		DAAFCD3C2C505E6100120A14 /* AudioPlayer.swift in Sources */ = {isa = PBXBuildFile; fileRef = DAAFCD3B2C505E6100120A14 /* AudioPlayer.swift */; };
		DAF36CD22C3A207B00CAC7C8 /* EyeAeonApp.swift in Sources */ = {isa = PBXBuildFile; fileRef = DAF36CD12C3A207B00CAC7C8 /* EyeAeonApp.swift */; };
		DAF36CD42C3A207B00CAC7C8 /* ContentView.swift in Sources */ = {isa = PBXBuildFile; fileRef = DAF36CD32C3A207B00CAC7C8 /* ContentView.swift */; };
		DAF36CD62C3A207D00CAC7C8 /* Assets.xcassets in Resources */ = {isa = PBXBuildFile; fileRef = DAF36CD52C3A207D00CAC7C8 /* Assets.xcassets */; };
		DAF36CDA2C3A207D00CAC7C8 /* Preview Assets.xcassets in Resources */ = {isa = PBXBuildFile; fileRef = DAF36CD92C3A207D00CAC7C8 /* Preview Assets.xcassets */; };
		DAF36CE42C3A207E00CAC7C8 /* EyeAeonTests.swift in Sources */ = {isa = PBXBuildFile; fileRef = DAF36CE32C3A207E00CAC7C8 /* EyeAeonTests.swift */; };
		DAF36CEE2C3A207E00CAC7C8 /* EyeAeonUITests.swift in Sources */ = {isa = PBXBuildFile; fileRef = DAF36CED2C3A207E00CAC7C8 /* EyeAeonUITests.swift */; };
		DAF36CF02C3A207E00CAC7C8 /* EyeAeonUITestsLaunchTests.swift in Sources */ = {isa = PBXBuildFile; fileRef = DAF36CEF2C3A207E00CAC7C8 /* EyeAeonUITestsLaunchTests.swift */; };
		E1BE4BA392F9202511F29951 /* Pods_EyeAeon_EyeAeonUITests.framework in Frameworks */ = {isa = PBXBuildFile; fileRef = CD82F2D6DEDC7F9B6E3AFDAB /* Pods_EyeAeon_EyeAeonUITests.framework */; };
/* End PBXBuildFile section */

/* Begin PBXContainerItemProxy section */
		DAF36CE02C3A207E00CAC7C8 /* PBXContainerItemProxy */ = {
			isa = PBXContainerItemProxy;
			containerPortal = DAF36CC62C3A207B00CAC7C8 /* Project object */;
			proxyType = 1;
			remoteGlobalIDString = DAF36CCD2C3A207B00CAC7C8;
			remoteInfo = EyeAeon;
		};
		DAF36CEA2C3A207E00CAC7C8 /* PBXContainerItemProxy */ = {
			isa = PBXContainerItemProxy;
			containerPortal = DAF36CC62C3A207B00CAC7C8 /* Project object */;
			proxyType = 1;
			remoteGlobalIDString = DAF36CCD2C3A207B00CAC7C8;
			remoteInfo = EyeAeon;
		};
/* End PBXContainerItemProxy section */

/* Begin PBXFileReference section */
		048948865CFF62A84524B530 /* Pods_EyeAeonTests.framework */ = {isa = PBXFileReference; explicitFileType = wrapper.framework; includeInIndex = 0; path = Pods_EyeAeonTests.framework; sourceTree = BUILT_PRODUCTS_DIR; };
		24F07846B91110AFD462F2F7 /* Pods-EyeAeon-EyeAeonUITests.release.xcconfig */ = {isa = PBXFileReference; includeInIndex = 1; lastKnownFileType = text.xcconfig; name = "Pods-EyeAeon-EyeAeonUITests.release.xcconfig"; path = "Target Support Files/Pods-EyeAeon-EyeAeonUITests/Pods-EyeAeon-EyeAeonUITests.release.xcconfig"; sourceTree = "<group>"; };
		5FEB7A364ED4EDBD3B7F1BDC /* Pods-EyeAeon.debug.xcconfig */ = {isa = PBXFileReference; includeInIndex = 1; lastKnownFileType = text.xcconfig; name = "Pods-EyeAeon.debug.xcconfig"; path = "Target Support Files/Pods-EyeAeon/Pods-EyeAeon.debug.xcconfig"; sourceTree = "<group>"; };
		698F6F6493B6B7F9D37C4A82 /* Pods-EyeAeon-EyeAeonUITests.debug.xcconfig */ = {isa = PBXFileReference; includeInIndex = 1; lastKnownFileType = text.xcconfig; name = "Pods-EyeAeon-EyeAeonUITests.debug.xcconfig"; path = "Target Support Files/Pods-EyeAeon-EyeAeonUITests/Pods-EyeAeon-EyeAeonUITests.debug.xcconfig"; sourceTree = "<group>"; };
		7016DA22E76B8E48805E783B /* Pods-EyeAeonTests.release.xcconfig */ = {isa = PBXFileReference; includeInIndex = 1; lastKnownFileType = text.xcconfig; name = "Pods-EyeAeonTests.release.xcconfig"; path = "Target Support Files/Pods-EyeAeonTests/Pods-EyeAeonTests.release.xcconfig"; sourceTree = "<group>"; };
		A7FE2673D4407B393B170658 /* Pods-EyeAeon.release.xcconfig */ = {isa = PBXFileReference; includeInIndex = 1; lastKnownFileType = text.xcconfig; name = "Pods-EyeAeon.release.xcconfig"; path = "Target Support Files/Pods-EyeAeon/Pods-EyeAeon.release.xcconfig"; sourceTree = "<group>"; };
		B1CAF11985DF87FD4F3E55A7 /* Pods-EyeAeonTests.debug.xcconfig */ = {isa = PBXFileReference; includeInIndex = 1; lastKnownFileType = text.xcconfig; name = "Pods-EyeAeonTests.debug.xcconfig"; path = "Target Support Files/Pods-EyeAeonTests/Pods-EyeAeonTests.debug.xcconfig"; sourceTree = "<group>"; };
		C731D0D9796B1371DF537690 /* Pods_EyeAeon.framework */ = {isa = PBXFileReference; explicitFileType = wrapper.framework; includeInIndex = 0; path = Pods_EyeAeon.framework; sourceTree = BUILT_PRODUCTS_DIR; };
		CD82F2D6DEDC7F9B6E3AFDAB /* Pods_EyeAeon_EyeAeonUITests.framework */ = {isa = PBXFileReference; explicitFileType = wrapper.framework; includeInIndex = 0; path = Pods_EyeAeon_EyeAeonUITests.framework; sourceTree = BUILT_PRODUCTS_DIR; };
		DA09FF392C3A22C800A37750 /* SplashScreenView.swift */ = {isa = PBXFileReference; lastKnownFileType = sourcecode.swift; path = SplashScreenView.swift; sourceTree = "<group>"; };
		DA09FF3B2C3A25E000A37750 /* LoginView.swift */ = {isa = PBXFileReference; lastKnownFileType = sourcecode.swift; path = LoginView.swift; sourceTree = "<group>"; };
		DA09FF3D2C3CC9F700A37750 /* CustomTextField.swift */ = {isa = PBXFileReference; lastKnownFileType = sourcecode.swift; path = CustomTextField.swift; sourceTree = "<group>"; };
		DA09FF3F2C3E048F00A37750 /* LoginViewModel.swift */ = {isa = PBXFileReference; lastKnownFileType = sourcecode.swift; path = LoginViewModel.swift; sourceTree = "<group>"; };
		DA09FF412C3E06F300A37750 /* MainView.swift */ = {isa = PBXFileReference; lastKnownFileType = sourcecode.swift; path = MainView.swift; sourceTree = "<group>"; };
		DA09FF442C3F6F8300A37750 /* SignupView.swift */ = {isa = PBXFileReference; lastKnownFileType = sourcecode.swift; path = SignupView.swift; sourceTree = "<group>"; };
		DA1E12F52C45B3FE0079EF85 /* MainPageView.swift */ = {isa = PBXFileReference; lastKnownFileType = sourcecode.swift; path = MainPageView.swift; sourceTree = "<group>"; };
		DA1E12F72C45BC270079EF85 /* View+Extensions.swift */ = {isa = PBXFileReference; lastKnownFileType = sourcecode.swift; path = "View+Extensions.swift"; sourceTree = "<group>"; };
		DA1E12F92C45D9160079EF85 /* TextDetectionView.swift */ = {isa = PBXFileReference; lastKnownFileType = sourcecode.swift; path = TextDetectionView.swift; sourceTree = "<group>"; };
		DA1E12FB2C486C210079EF85 /* ImagePickerCoordinator.swift */ = {isa = PBXFileReference; lastKnownFileType = sourcecode.swift; path = ImagePickerCoordinator.swift; sourceTree = "<group>"; };
		DA1E12FD2C48822E0079EF85 /* ImageDetectionView.swift */ = {isa = PBXFileReference; lastKnownFileType = sourcecode.swift; path = ImageDetectionView.swift; sourceTree = "<group>"; };
		DA1E12FF2C48824C0079EF85 /* VideoDetectionView.swift */ = {isa = PBXFileReference; lastKnownFileType = sourcecode.swift; path = VideoDetectionView.swift; sourceTree = "<group>"; };
		DA1E13012C4882680079EF85 /* AudioDetectionView.swift */ = {isa = PBXFileReference; lastKnownFileType = sourcecode.swift; path = AudioDetectionView.swift; sourceTree = "<group>"; };
		DA2E83E52C55A6AA00052F50 /* UserModel.swift */ = {isa = PBXFileReference; lastKnownFileType = sourcecode.swift; path = UserModel.swift; sourceTree = "<group>"; };
		DA2E83E72C55A80D00052F50 /* ProfileView.swift */ = {isa = PBXFileReference; lastKnownFileType = sourcecode.swift; path = ProfileView.swift; sourceTree = "<group>"; };
		DA2E83E92C55A87100052F50 /* ImagePicker.swift */ = {isa = PBXFileReference; lastKnownFileType = sourcecode.swift; path = ImagePicker.swift; sourceTree = "<group>"; };
		DA60D89C2C66F250007D5547 /* AnalyticsDashboardView.swift */ = {isa = PBXFileReference; lastKnownFileType = sourcecode.swift; name = AnalyticsDashboardView.swift; path = /Users/ethanhunt/Documents/EyeAeon/EyeAeon/View/AnalyticsDashboardView.swift; sourceTree = "<absolute>"; };
		DA6CCD4E2C5DAEC800342618 /* Info.plist */ = {isa = PBXFileReference; lastKnownFileType = text.plist; path = Info.plist; sourceTree = "<group>"; };
		DA6CCD512C5DB4AF00342618 /* credentials.plist */ = {isa = PBXFileReference; fileEncoding = 4; lastKnownFileType = text.plist.xml; path = credentials.plist; sourceTree = "<group>"; };
		DA6CCD532C5DBF3800342618 /* GoogleService-Info.plist */ = {isa = PBXFileReference; fileEncoding = 4; lastKnownFileType = text.plist.xml; path = "GoogleService-Info.plist"; sourceTree = "<group>"; };
		DA940BB32C67F638002EA6DB /* Detection.swift */ = {isa = PBXFileReference; lastKnownFileType = sourcecode.swift; path = Detection.swift; sourceTree = "<group>"; };
		DA940BB52C68149F002EA6DB /* CameraView.swift */ = {isa = PBXFileReference; lastKnownFileType = sourcecode.swift; path = CameraView.swift; sourceTree = "<group>"; };
		DA94F7D62C571B080047FD5F /* SceneDelegate.swift */ = {isa = PBXFileReference; lastKnownFileType = sourcecode.swift; path = SceneDelegate.swift; sourceTree = "<group>"; };
		DA94F7D82C59B93F0047FD5F /* AppState.swift */ = {isa = PBXFileReference; lastKnownFileType = sourcecode.swift; path = AppState.swift; sourceTree = "<group>"; };
		DAAFCD332C4F173000120A14 /* Starbucks.m4a */ = {isa = PBXFileReference; lastKnownFileType = file; path = Starbucks.m4a; sourceTree = "<group>"; };
		DAAFCD392C505D5D00120A14 /* SharedDataModel.swift */ = {isa = PBXFileReference; lastKnownFileType = sourcecode.swift; path = SharedDataModel.swift; sourceTree = "<group>"; };
		DAAFCD3B2C505E6100120A14 /* AudioPlayer.swift */ = {isa = PBXFileReference; lastKnownFileType = sourcecode.swift; path = AudioPlayer.swift; sourceTree = "<group>"; };
		DAF36CCE2C3A207B00CAC7C8 /* EyeAeon.app */ = {isa = PBXFileReference; explicitFileType = wrapper.application; includeInIndex = 0; path = EyeAeon.app; sourceTree = BUILT_PRODUCTS_DIR; };
		DAF36CD12C3A207B00CAC7C8 /* EyeAeonApp.swift */ = {isa = PBXFileReference; lastKnownFileType = sourcecode.swift; path = EyeAeonApp.swift; sourceTree = "<group>"; };
		DAF36CD32C3A207B00CAC7C8 /* ContentView.swift */ = {isa = PBXFileReference; lastKnownFileType = sourcecode.swift; path = ContentView.swift; sourceTree = "<group>"; };
		DAF36CD52C3A207D00CAC7C8 /* Assets.xcassets */ = {isa = PBXFileReference; lastKnownFileType = folder.assetcatalog; path = Assets.xcassets; sourceTree = "<group>"; };
		DAF36CD72C3A207D00CAC7C8 /* EyeAeon.entitlements */ = {isa = PBXFileReference; lastKnownFileType = text.plist.entitlements; path = EyeAeon.entitlements; sourceTree = "<group>"; };
		DAF36CD92C3A207D00CAC7C8 /* Preview Assets.xcassets */ = {isa = PBXFileReference; lastKnownFileType = folder.assetcatalog; path = "Preview Assets.xcassets"; sourceTree = "<group>"; };
		DAF36CDF2C3A207E00CAC7C8 /* EyeAeonTests.xctest */ = {isa = PBXFileReference; explicitFileType = wrapper.cfbundle; includeInIndex = 0; path = EyeAeonTests.xctest; sourceTree = BUILT_PRODUCTS_DIR; };
		DAF36CE32C3A207E00CAC7C8 /* EyeAeonTests.swift */ = {isa = PBXFileReference; lastKnownFileType = sourcecode.swift; path = EyeAeonTests.swift; sourceTree = "<group>"; };
		DAF36CE92C3A207E00CAC7C8 /* EyeAeonUITests.xctest */ = {isa = PBXFileReference; explicitFileType = wrapper.cfbundle; includeInIndex = 0; path = EyeAeonUITests.xctest; sourceTree = BUILT_PRODUCTS_DIR; };
		DAF36CED2C3A207E00CAC7C8 /* EyeAeonUITests.swift */ = {isa = PBXFileReference; lastKnownFileType = sourcecode.swift; path = EyeAeonUITests.swift; sourceTree = "<group>"; };
		DAF36CEF2C3A207E00CAC7C8 /* EyeAeonUITestsLaunchTests.swift */ = {isa = PBXFileReference; lastKnownFileType = sourcecode.swift; path = EyeAeonUITestsLaunchTests.swift; sourceTree = "<group>"; };
/* End PBXFileReference section */

/* Begin PBXFrameworksBuildPhase section */
		DAF36CCB2C3A207B00CAC7C8 /* Frameworks */ = {
			isa = PBXFrameworksBuildPhase;
			buildActionMask = 2147483647;
			files = (
				B4944E8276CAB4E05C9C5335 /* Pods_EyeAeon.framework in Frameworks */,
			);
			runOnlyForDeploymentPostprocessing = 0;
		};
		DAF36CDC2C3A207E00CAC7C8 /* Frameworks */ = {
			isa = PBXFrameworksBuildPhase;
			buildActionMask = 2147483647;
			files = (
				162CC187495136CB6267EFAD /* Pods_EyeAeonTests.framework in Frameworks */,
			);
			runOnlyForDeploymentPostprocessing = 0;
		};
		DAF36CE62C3A207E00CAC7C8 /* Frameworks */ = {
			isa = PBXFrameworksBuildPhase;
			buildActionMask = 2147483647;
			files = (
				E1BE4BA392F9202511F29951 /* Pods_EyeAeon_EyeAeonUITests.framework in Frameworks */,
			);
			runOnlyForDeploymentPostprocessing = 0;
		};
/* End PBXFrameworksBuildPhase section */

/* Begin PBXGroup section */
		34DA4B5760A3110C6FE1A0A3 /* Frameworks */ = {
			isa = PBXGroup;
			children = (
				C731D0D9796B1371DF537690 /* Pods_EyeAeon.framework */,
				CD82F2D6DEDC7F9B6E3AFDAB /* Pods_EyeAeon_EyeAeonUITests.framework */,
				048948865CFF62A84524B530 /* Pods_EyeAeonTests.framework */,
			);
			name = Frameworks;
			sourceTree = "<group>";
		};
		DA1E12F22C45AFCF0079EF85 /* Model */ = {
			isa = PBXGroup;
			children = (
				DA94F7D62C571B080047FD5F /* SceneDelegate.swift */,
				DA1E12F72C45BC270079EF85 /* View+Extensions.swift */,
			);
			path = Model;
			sourceTree = "<group>";
		};
		DA1E12F32C45AFDA0079EF85 /* ViewModel */ = {
			isa = PBXGroup;
			children = (
				DA09FF3D2C3CC9F700A37750 /* CustomTextField.swift */,
				DA60D89C2C66F250007D5547 /* AnalyticsDashboardView.swift */,
				DA940BB32C67F638002EA6DB /* Detection.swift */,
				DAAFCD392C505D5D00120A14 /* SharedDataModel.swift */,
				DA09FF3F2C3E048F00A37750 /* LoginViewModel.swift */,
			);
			path = ViewModel;
			sourceTree = "<group>";
		};
		DA1E12F42C45AFE60079EF85 /* View */ = {
			isa = PBXGroup;
			children = (
				DA09FF392C3A22C800A37750 /* SplashScreenView.swift */,
				DA09FF3B2C3A25E000A37750 /* LoginView.swift */,
				DA1E12F52C45B3FE0079EF85 /* MainPageView.swift */,
				DA940BB52C68149F002EA6DB /* CameraView.swift */,
				DA1E12F92C45D9160079EF85 /* TextDetectionView.swift */,
				DA1E12FD2C48822E0079EF85 /* ImageDetectionView.swift */,
				DA1E12FF2C48824C0079EF85 /* VideoDetectionView.swift */,
				DA1E13012C4882680079EF85 /* AudioDetectionView.swift */,
				DA09FF442C3F6F8300A37750 /* SignupView.swift */,
				DA1E12FB2C486C210079EF85 /* ImagePickerCoordinator.swift */,
				DAF36CD32C3A207B00CAC7C8 /* ContentView.swift */,
				DA09FF412C3E06F300A37750 /* MainView.swift */,
				DA94F7D82C59B93F0047FD5F /* AppState.swift */,
			);
			path = View;
			sourceTree = "<group>";
		};
		DAAFCD322C4F170F00120A14 /* Audio */ = {
			isa = PBXGroup;
			children = (
				DAAFCD3B2C505E6100120A14 /* AudioPlayer.swift */,
				DAAFCD332C4F173000120A14 /* Starbucks.m4a */,
			);
			path = Audio;
			sourceTree = "<group>";
		};
		DAF36CC52C3A207B00CAC7C8 = {
			isa = PBXGroup;
			children = (
				DAF36CD02C3A207B00CAC7C8 /* EyeAeon */,
				DAF36CE22C3A207E00CAC7C8 /* EyeAeonTests */,
				DAF36CEC2C3A207E00CAC7C8 /* EyeAeonUITests */,
				DAF36CCF2C3A207B00CAC7C8 /* Products */,
				F44E2CFC1FABEAEC34F09631 /* Pods */,
				34DA4B5760A3110C6FE1A0A3 /* Frameworks */,
			);
			sourceTree = "<group>";
		};
		DAF36CCF2C3A207B00CAC7C8 /* Products */ = {
			isa = PBXGroup;
			children = (
				DAF36CCE2C3A207B00CAC7C8 /* EyeAeon.app */,
				DAF36CDF2C3A207E00CAC7C8 /* EyeAeonTests.xctest */,
				DAF36CE92C3A207E00CAC7C8 /* EyeAeonUITests.xctest */,
			);
			name = Products;
			sourceTree = "<group>";
		};
		DAF36CD02C3A207B00CAC7C8 /* EyeAeon */ = {
			isa = PBXGroup;
			children = (
				DA6CCD532C5DBF3800342618 /* GoogleService-Info.plist */,
				DA6CCD4E2C5DAEC800342618 /* Info.plist */,
				DA6CCD512C5DB4AF00342618 /* credentials.plist */,
				DAAFCD322C4F170F00120A14 /* Audio */,
				DA1E12F42C45AFE60079EF85 /* View */,
				DA1E12F32C45AFDA0079EF85 /* ViewModel */,
				DA1E12F22C45AFCF0079EF85 /* Model */,
				DAF36CD12C3A207B00CAC7C8 /* EyeAeonApp.swift */,
				DA2E83E52C55A6AA00052F50 /* UserModel.swift */,
				DA2E83E72C55A80D00052F50 /* ProfileView.swift */,
				DA2E83E92C55A87100052F50 /* ImagePicker.swift */,
				DAF36CD52C3A207D00CAC7C8 /* Assets.xcassets */,
				DAF36CD72C3A207D00CAC7C8 /* EyeAeon.entitlements */,
				DAF36CD82C3A207D00CAC7C8 /* Preview Content */,
			);
			path = EyeAeon;
			sourceTree = "<group>";
		};
		DAF36CD82C3A207D00CAC7C8 /* Preview Content */ = {
			isa = PBXGroup;
			children = (
				DAF36CD92C3A207D00CAC7C8 /* Preview Assets.xcassets */,
			);
			path = "Preview Content";
			sourceTree = "<group>";
		};
		DAF36CE22C3A207E00CAC7C8 /* EyeAeonTests */ = {
			isa = PBXGroup;
			children = (
				DAF36CE32C3A207E00CAC7C8 /* EyeAeonTests.swift */,
			);
			path = EyeAeonTests;
			sourceTree = "<group>";
		};
		DAF36CEC2C3A207E00CAC7C8 /* EyeAeonUITests */ = {
			isa = PBXGroup;
			children = (
				DAF36CED2C3A207E00CAC7C8 /* EyeAeonUITests.swift */,
				DAF36CEF2C3A207E00CAC7C8 /* EyeAeonUITestsLaunchTests.swift */,
			);
			path = EyeAeonUITests;
			sourceTree = "<group>";
		};
		F44E2CFC1FABEAEC34F09631 /* Pods */ = {
			isa = PBXGroup;
			children = (
				5FEB7A364ED4EDBD3B7F1BDC /* Pods-EyeAeon.debug.xcconfig */,
				A7FE2673D4407B393B170658 /* Pods-EyeAeon.release.xcconfig */,
				698F6F6493B6B7F9D37C4A82 /* Pods-EyeAeon-EyeAeonUITests.debug.xcconfig */,
				24F07846B91110AFD462F2F7 /* Pods-EyeAeon-EyeAeonUITests.release.xcconfig */,
				B1CAF11985DF87FD4F3E55A7 /* Pods-EyeAeonTests.debug.xcconfig */,
				7016DA22E76B8E48805E783B /* Pods-EyeAeonTests.release.xcconfig */,
			);
			path = Pods;
			sourceTree = "<group>";
		};
/* End PBXGroup section */

/* Begin PBXNativeTarget section */
		DAF36CCD2C3A207B00CAC7C8 /* EyeAeon */ = {
			isa = PBXNativeTarget;
			buildConfigurationList = DAF36CF32C3A207E00CAC7C8 /* Build configuration list for PBXNativeTarget "EyeAeon" */;
			buildPhases = (
				B62EB05FC6AA3059D99AE1B9 /* [CP] Check Pods Manifest.lock */,
				DAF36CCA2C3A207B00CAC7C8 /* Sources */,
				DAF36CCB2C3A207B00CAC7C8 /* Frameworks */,
				DAF36CCC2C3A207B00CAC7C8 /* Resources */,
				1A8DFBFB512B83FC1DB083F2 /* [CP] Embed Pods Frameworks */,
			);
			buildRules = (
			);
			dependencies = (
			);
			name = EyeAeon;
			productName = EyeAeon;
			productReference = DAF36CCE2C3A207B00CAC7C8 /* EyeAeon.app */;
			productType = "com.apple.product-type.application";
		};
		DAF36CDE2C3A207E00CAC7C8 /* EyeAeonTests */ = {
			isa = PBXNativeTarget;
			buildConfigurationList = DAF36CF62C3A207E00CAC7C8 /* Build configuration list for PBXNativeTarget "EyeAeonTests" */;
			buildPhases = (
				81D1EF05BCD99A079D15B147 /* [CP] Check Pods Manifest.lock */,
				DAF36CDB2C3A207E00CAC7C8 /* Sources */,
				DAF36CDC2C3A207E00CAC7C8 /* Frameworks */,
				DAF36CDD2C3A207E00CAC7C8 /* Resources */,
			);
			buildRules = (
			);
			dependencies = (
				DAF36CE12C3A207E00CAC7C8 /* PBXTargetDependency */,
			);
			name = EyeAeonTests;
			productName = EyeAeonTests;
			productReference = DAF36CDF2C3A207E00CAC7C8 /* EyeAeonTests.xctest */;
			productType = "com.apple.product-type.bundle.unit-test";
		};
		DAF36CE82C3A207E00CAC7C8 /* EyeAeonUITests */ = {
			isa = PBXNativeTarget;
			buildConfigurationList = DAF36CF92C3A207E00CAC7C8 /* Build configuration list for PBXNativeTarget "EyeAeonUITests" */;
			buildPhases = (
				EB1EE07C088A5A2A554ABFD6 /* [CP] Check Pods Manifest.lock */,
				DAF36CE52C3A207E00CAC7C8 /* Sources */,
				DAF36CE62C3A207E00CAC7C8 /* Frameworks */,
				DAF36CE72C3A207E00CAC7C8 /* Resources */,
				ABACB51C40BA9560AF390CBB /* [CP] Embed Pods Frameworks */,
			);
			buildRules = (
			);
			dependencies = (
				DAF36CEB2C3A207E00CAC7C8 /* PBXTargetDependency */,
			);
			name = EyeAeonUITests;
			productName = EyeAeonUITests;
			productReference = DAF36CE92C3A207E00CAC7C8 /* EyeAeonUITests.xctest */;
			productType = "com.apple.product-type.bundle.ui-testing";
		};
/* End PBXNativeTarget section */

/* Begin PBXProject section */
		DAF36CC62C3A207B00CAC7C8 /* Project object */ = {
			isa = PBXProject;
			attributes = {
				BuildIndependentTargetsInParallel = 1;
				LastSwiftUpdateCheck = 1530;
				LastUpgradeCheck = 1530;
				TargetAttributes = {
					DAF36CCD2C3A207B00CAC7C8 = {
						CreatedOnToolsVersion = 15.3;
					};
					DAF36CDE2C3A207E00CAC7C8 = {
						CreatedOnToolsVersion = 15.3;
						TestTargetID = DAF36CCD2C3A207B00CAC7C8;
					};
					DAF36CE82C3A207E00CAC7C8 = {
						CreatedOnToolsVersion = 15.3;
						TestTargetID = DAF36CCD2C3A207B00CAC7C8;
					};
				};
			};
			buildConfigurationList = DAF36CC92C3A207B00CAC7C8 /* Build configuration list for PBXProject "EyeAeon" */;
			compatibilityVersion = "Xcode 14.0";
			developmentRegion = en;
			hasScannedForEncodings = 0;
			knownRegions = (
				en,
				Base,
			);
			mainGroup = DAF36CC52C3A207B00CAC7C8;
			packageReferences = (
				DA09FF432C3E07FF00A37750 /* XCRemoteSwiftPackageReference "keychain-swift" */,
			);
			productRefGroup = DAF36CCF2C3A207B00CAC7C8 /* Products */;
			projectDirPath = "";
			projectRoot = "";
			targets = (
				DAF36CCD2C3A207B00CAC7C8 /* EyeAeon */,
				DAF36CDE2C3A207E00CAC7C8 /* EyeAeonTests */,
				DAF36CE82C3A207E00CAC7C8 /* EyeAeonUITests */,
			);
		};
/* End PBXProject section */

/* Begin PBXResourcesBuildPhase section */
		DAF36CCC2C3A207B00CAC7C8 /* Resources */ = {
			isa = PBXResourcesBuildPhase;
			buildActionMask = 2147483647;
			files = (
				DAAFCD342C4F173000120A14 /* Starbucks.m4a in Resources */,
				DA6CCD522C5DB4AF00342618 /* credentials.plist in Resources */,
				DAF36CDA2C3A207D00CAC7C8 /* Preview Assets.xcassets in Resources */,
				DAF36CD62C3A207D00CAC7C8 /* Assets.xcassets in Resources */,
				DA6CCD542C5DBF3800342618 /* GoogleService-Info.plist in Resources */,
			);
			runOnlyForDeploymentPostprocessing = 0;
		};
		DAF36CDD2C3A207E00CAC7C8 /* Resources */ = {
			isa = PBXResourcesBuildPhase;
			buildActionMask = 2147483647;
			files = (
			);
			runOnlyForDeploymentPostprocessing = 0;
		};
		DAF36CE72C3A207E00CAC7C8 /* Resources */ = {
			isa = PBXResourcesBuildPhase;
			buildActionMask = 2147483647;
			files = (
			);
			runOnlyForDeploymentPostprocessing = 0;
		};
/* End PBXResourcesBuildPhase section */

/* Begin PBXShellScriptBuildPhase section */
		1A8DFBFB512B83FC1DB083F2 /* [CP] Embed Pods Frameworks */ = {
			isa = PBXShellScriptBuildPhase;
			buildActionMask = 2147483647;
			files = (
			);
			inputFileListPaths = (
				"${PODS_ROOT}/Target Support Files/Pods-EyeAeon/Pods-EyeAeon-frameworks-${CONFIGURATION}-input-files.xcfilelist",
			);
			name = "[CP] Embed Pods Frameworks";
			outputFileListPaths = (
				"${PODS_ROOT}/Target Support Files/Pods-EyeAeon/Pods-EyeAeon-frameworks-${CONFIGURATION}-output-files.xcfilelist",
			);
			runOnlyForDeploymentPostprocessing = 0;
			shellPath = /bin/sh;
			shellScript = "\"${PODS_ROOT}/Target Support Files/Pods-EyeAeon/Pods-EyeAeon-frameworks.sh\"\n";
			showEnvVarsInLog = 0;
		};
		81D1EF05BCD99A079D15B147 /* [CP] Check Pods Manifest.lock */ = {
			isa = PBXShellScriptBuildPhase;
			buildActionMask = 2147483647;
			files = (
			);
			inputFileListPaths = (
			);
			inputPaths = (
				"${PODS_PODFILE_DIR_PATH}/Podfile.lock",
				"${PODS_ROOT}/Manifest.lock",
			);
			name = "[CP] Check Pods Manifest.lock";
			outputFileListPaths = (
			);
			outputPaths = (
				"$(DERIVED_FILE_DIR)/Pods-EyeAeonTests-checkManifestLockResult.txt",
			);
			runOnlyForDeploymentPostprocessing = 0;
			shellPath = /bin/sh;
			shellScript = "diff \"${PODS_PODFILE_DIR_PATH}/Podfile.lock\" \"${PODS_ROOT}/Manifest.lock\" > /dev/null\nif [ $? != 0 ] ; then\n    # print error to STDERR\n    echo \"error: The sandbox is not in sync with the Podfile.lock. Run 'pod install' or update your CocoaPods installation.\" >&2\n    exit 1\nfi\n# This output is used by Xcode 'outputs' to avoid re-running this script phase.\necho \"SUCCESS\" > \"${SCRIPT_OUTPUT_FILE_0}\"\n";
			showEnvVarsInLog = 0;
		};
		ABACB51C40BA9560AF390CBB /* [CP] Embed Pods Frameworks */ = {
			isa = PBXShellScriptBuildPhase;
			buildActionMask = 2147483647;
			files = (
			);
			inputFileListPaths = (
				"${PODS_ROOT}/Target Support Files/Pods-EyeAeon-EyeAeonUITests/Pods-EyeAeon-EyeAeonUITests-frameworks-${CONFIGURATION}-input-files.xcfilelist",
			);
			name = "[CP] Embed Pods Frameworks";
			outputFileListPaths = (
				"${PODS_ROOT}/Target Support Files/Pods-EyeAeon-EyeAeonUITests/Pods-EyeAeon-EyeAeonUITests-frameworks-${CONFIGURATION}-output-files.xcfilelist",
			);
			runOnlyForDeploymentPostprocessing = 0;
			shellPath = /bin/sh;
			shellScript = "\"${PODS_ROOT}/Target Support Files/Pods-EyeAeon-EyeAeonUITests/Pods-EyeAeon-EyeAeonUITests-frameworks.sh\"\n";
			showEnvVarsInLog = 0;
		};
		B62EB05FC6AA3059D99AE1B9 /* [CP] Check Pods Manifest.lock */ = {
			isa = PBXShellScriptBuildPhase;
			buildActionMask = 2147483647;
			files = (
			);
			inputFileListPaths = (
			);
			inputPaths = (
				"${PODS_PODFILE_DIR_PATH}/Podfile.lock",
				"${PODS_ROOT}/Manifest.lock",
			);
			name = "[CP] Check Pods Manifest.lock";
			outputFileListPaths = (
			);
			outputPaths = (
				"$(DERIVED_FILE_DIR)/Pods-EyeAeon-checkManifestLockResult.txt",
			);
			runOnlyForDeploymentPostprocessing = 0;
			shellPath = /bin/sh;
			shellScript = "diff \"${PODS_PODFILE_DIR_PATH}/Podfile.lock\" \"${PODS_ROOT}/Manifest.lock\" > /dev/null\nif [ $? != 0 ] ; then\n    # print error to STDERR\n    echo \"error: The sandbox is not in sync with the Podfile.lock. Run 'pod install' or update your CocoaPods installation.\" >&2\n    exit 1\nfi\n# This output is used by Xcode 'outputs' to avoid re-running this script phase.\necho \"SUCCESS\" > \"${SCRIPT_OUTPUT_FILE_0}\"\n";
			showEnvVarsInLog = 0;
		};
		EB1EE07C088A5A2A554ABFD6 /* [CP] Check Pods Manifest.lock */ = {
			isa = PBXShellScriptBuildPhase;
			buildActionMask = 2147483647;
			files = (
			);
			inputFileListPaths = (
			);
			inputPaths = (
				"${PODS_PODFILE_DIR_PATH}/Podfile.lock",
				"${PODS_ROOT}/Manifest.lock",
			);
			name = "[CP] Check Pods Manifest.lock";
			outputFileListPaths = (
			);
			outputPaths = (
				"$(DERIVED_FILE_DIR)/Pods-EyeAeon-EyeAeonUITests-checkManifestLockResult.txt",
			);
			runOnlyForDeploymentPostprocessing = 0;
			shellPath = /bin/sh;
			shellScript = "diff \"${PODS_PODFILE_DIR_PATH}/Podfile.lock\" \"${PODS_ROOT}/Manifest.lock\" > /dev/null\nif [ $? != 0 ] ; then\n    # print error to STDERR\n    echo \"error: The sandbox is not in sync with the Podfile.lock. Run 'pod install' or update your CocoaPods installation.\" >&2\n    exit 1\nfi\n# This output is used by Xcode 'outputs' to avoid re-running this script phase.\necho \"SUCCESS\" > \"${SCRIPT_OUTPUT_FILE_0}\"\n";
			showEnvVarsInLog = 0;
		};
/* End PBXShellScriptBuildPhase section */

/* Begin PBXSourcesBuildPhase section */
		DAF36CCA2C3A207B00CAC7C8 /* Sources */ = {
			isa = PBXSourcesBuildPhase;
			buildActionMask = 2147483647;
			files = (
				DAF36CD42C3A207B00CAC7C8 /* ContentView.swift in Sources */,
				DA940BB42C67F638002EA6DB /* Detection.swift in Sources */,
				DA1E13022C4882680079EF85 /* AudioDetectionView.swift in Sources */,
				DA2E83E62C55A6AA00052F50 /* UserModel.swift in Sources */,
				DAAFCD3A2C505D5D00120A14 /* SharedDataModel.swift in Sources */,
				DA1E12FE2C48822E0079EF85 /* ImageDetectionView.swift in Sources */,
				DA09FF422C3E06F300A37750 /* MainView.swift in Sources */,
				DA60D89D2C66F250007D5547 /* AnalyticsDashboardView.swift in Sources */,
				DAF36CD22C3A207B00CAC7C8 /* EyeAeonApp.swift in Sources */,
				DA09FF402C3E048F00A37750 /* LoginViewModel.swift in Sources */,
				DA94F7D72C571B080047FD5F /* SceneDelegate.swift in Sources */,
				DA09FF452C3F6F8300A37750 /* SignupView.swift in Sources */,
				DA1E13002C48824C0079EF85 /* VideoDetectionView.swift in Sources */,
				DA09FF3C2C3A25E000A37750 /* LoginView.swift in Sources */,
				DAAFCD3C2C505E6100120A14 /* AudioPlayer.swift in Sources */,
				DA09FF3A2C3A22C800A37750 /* SplashScreenView.swift in Sources */,
				DA1E12FA2C45D9160079EF85 /* TextDetectionView.swift in Sources */,
				DA1E12FC2C486C210079EF85 /* ImagePickerCoordinator.swift in Sources */,
				DA09FF3E2C3CC9F700A37750 /* CustomTextField.swift in Sources */,
				DA94F7D92C59B93F0047FD5F /* AppState.swift in Sources */,
				DA2E83E82C55A80D00052F50 /* ProfileView.swift in Sources */,
				DA2E83EA2C55A87100052F50 /* ImagePicker.swift in Sources */,
				DA1E12F82C45BC270079EF85 /* View+Extensions.swift in Sources */,
				DA940BB62C68149F002EA6DB /* CameraView.swift in Sources */,
				DA1E12F62C45B3FE0079EF85 /* MainPageView.swift in Sources */,
			);
			runOnlyForDeploymentPostprocessing = 0;
		};
		DAF36CDB2C3A207E00CAC7C8 /* Sources */ = {
			isa = PBXSourcesBuildPhase;
			buildActionMask = 2147483647;
			files = (
				DAF36CE42C3A207E00CAC7C8 /* EyeAeonTests.swift in Sources */,
			);
			runOnlyForDeploymentPostprocessing = 0;
		};
		DAF36CE52C3A207E00CAC7C8 /* Sources */ = {
			isa = PBXSourcesBuildPhase;
			buildActionMask = 2147483647;
			files = (
				DAF36CEE2C3A207E00CAC7C8 /* EyeAeonUITests.swift in Sources */,
				DAF36CF02C3A207E00CAC7C8 /* EyeAeonUITestsLaunchTests.swift in Sources */,
			);
			runOnlyForDeploymentPostprocessing = 0;
		};
/* End PBXSourcesBuildPhase section */

/* Begin PBXTargetDependency section */
		DAF36CE12C3A207E00CAC7C8 /* PBXTargetDependency */ = {
			isa = PBXTargetDependency;
			target = DAF36CCD2C3A207B00CAC7C8 /* EyeAeon */;
			targetProxy = DAF36CE02C3A207E00CAC7C8 /* PBXContainerItemProxy */;
		};
		DAF36CEB2C3A207E00CAC7C8 /* PBXTargetDependency */ = {
			isa = PBXTargetDependency;
			target = DAF36CCD2C3A207B00CAC7C8 /* EyeAeon */;
			targetProxy = DAF36CEA2C3A207E00CAC7C8 /* PBXContainerItemProxy */;
		};
/* End PBXTargetDependency section */

/* Begin XCBuildConfiguration section */
		DAF36CF12C3A207E00CAC7C8 /* Debug */ = {
			isa = XCBuildConfiguration;
			buildSettings = {
				ALWAYS_SEARCH_USER_PATHS = NO;
				ASSETCATALOG_COMPILER_GENERATE_SWIFT_ASSET_SYMBOL_EXTENSIONS = YES;
				CLANG_ANALYZER_NONNULL = YES;
				CLANG_ANALYZER_NUMBER_OBJECT_CONVERSION = YES_AGGRESSIVE;
				CLANG_CXX_LANGUAGE_STANDARD = "gnu++20";
				CLANG_ENABLE_MODULES = YES;
				CLANG_ENABLE_OBJC_ARC = YES;
				CLANG_ENABLE_OBJC_WEAK = YES;
				CLANG_WARN_BLOCK_CAPTURE_AUTORELEASING = YES;
				CLANG_WARN_BOOL_CONVERSION = YES;
				CLANG_WARN_COMMA = YES;
				CLANG_WARN_CONSTANT_CONVERSION = YES;
				CLANG_WARN_DEPRECATED_OBJC_IMPLEMENTATIONS = YES;
				CLANG_WARN_DIRECT_OBJC_ISA_USAGE = YES_ERROR;
				CLANG_WARN_DOCUMENTATION_COMMENTS = YES;
				CLANG_WARN_EMPTY_BODY = YES;
				CLANG_WARN_ENUM_CONVERSION = YES;
				CLANG_WARN_INFINITE_RECURSION = YES;
				CLANG_WARN_INT_CONVERSION = YES;
				CLANG_WARN_NON_LITERAL_NULL_CONVERSION = YES;
				CLANG_WARN_OBJC_IMPLICIT_RETAIN_SELF = YES;
				CLANG_WARN_OBJC_LITERAL_CONVERSION = YES;
				CLANG_WARN_OBJC_ROOT_CLASS = YES_ERROR;
				CLANG_WARN_QUOTED_INCLUDE_IN_FRAMEWORK_HEADER = YES;
				CLANG_WARN_RANGE_LOOP_ANALYSIS = YES;
				CLANG_WARN_STRICT_PROTOTYPES = YES;
				CLANG_WARN_SUSPICIOUS_MOVE = YES;
				CLANG_WARN_UNGUARDED_AVAILABILITY = YES_AGGRESSIVE;
				CLANG_WARN_UNREACHABLE_CODE = YES;
				CLANG_WARN__DUPLICATE_METHOD_MATCH = YES;
				COPY_PHASE_STRIP = NO;
				DEBUG_INFORMATION_FORMAT = dwarf;
				ENABLE_STRICT_OBJC_MSGSEND = YES;
				ENABLE_TESTABILITY = YES;
				ENABLE_USER_SCRIPT_SANDBOXING = NO;
				GCC_C_LANGUAGE_STANDARD = gnu17;
				GCC_DYNAMIC_NO_PIC = NO;
				GCC_NO_COMMON_BLOCKS = YES;
				GCC_OPTIMIZATION_LEVEL = 0;
				GCC_PREPROCESSOR_DEFINITIONS = (
					"DEBUG=1",
					"$(inherited)",
				);
				GCC_WARN_64_TO_32_BIT_CONVERSION = YES;
				GCC_WARN_ABOUT_RETURN_TYPE = YES_ERROR;
				GCC_WARN_UNDECLARED_SELECTOR = YES;
				GCC_WARN_UNINITIALIZED_AUTOS = YES_AGGRESSIVE;
				GCC_WARN_UNUSED_FUNCTION = YES;
				GCC_WARN_UNUSED_VARIABLE = YES;
				LOCALIZATION_PREFERS_STRING_CATALOGS = YES;
				MTL_ENABLE_DEBUG_INFO = INCLUDE_SOURCE;
				MTL_FAST_MATH = YES;
				ONLY_ACTIVE_ARCH = NO;
				SWIFT_ACTIVE_COMPILATION_CONDITIONS = "DEBUG $(inherited)";
				SWIFT_OPTIMIZATION_LEVEL = "-Onone";
			};
			name = Debug;
		};
		DAF36CF22C3A207E00CAC7C8 /* Release */ = {
			isa = XCBuildConfiguration;
			buildSettings = {
				ALWAYS_SEARCH_USER_PATHS = NO;
				ASSETCATALOG_COMPILER_GENERATE_SWIFT_ASSET_SYMBOL_EXTENSIONS = YES;
				CLANG_ANALYZER_NONNULL = YES;
				CLANG_ANALYZER_NUMBER_OBJECT_CONVERSION = YES_AGGRESSIVE;
				CLANG_CXX_LANGUAGE_STANDARD = "gnu++20";
				CLANG_ENABLE_MODULES = YES;
				CLANG_ENABLE_OBJC_ARC = YES;
				CLANG_ENABLE_OBJC_WEAK = YES;
				CLANG_WARN_BLOCK_CAPTURE_AUTORELEASING = YES;
				CLANG_WARN_BOOL_CONVERSION = YES;
				CLANG_WARN_COMMA = YES;
				CLANG_WARN_CONSTANT_CONVERSION = YES;
				CLANG_WARN_DEPRECATED_OBJC_IMPLEMENTATIONS = YES;
				CLANG_WARN_DIRECT_OBJC_ISA_USAGE = YES_ERROR;
				CLANG_WARN_DOCUMENTATION_COMMENTS = YES;
				CLANG_WARN_EMPTY_BODY = YES;
				CLANG_WARN_ENUM_CONVERSION = YES;
				CLANG_WARN_INFINITE_RECURSION = YES;
				CLANG_WARN_INT_CONVERSION = YES;
				CLANG_WARN_NON_LITERAL_NULL_CONVERSION = YES;
				CLANG_WARN_OBJC_IMPLICIT_RETAIN_SELF = YES;
				CLANG_WARN_OBJC_LITERAL_CONVERSION = YES;
				CLANG_WARN_OBJC_ROOT_CLASS = YES_ERROR;
				CLANG_WARN_QUOTED_INCLUDE_IN_FRAMEWORK_HEADER = YES;
				CLANG_WARN_RANGE_LOOP_ANALYSIS = YES;
				CLANG_WARN_STRICT_PROTOTYPES = YES;
				CLANG_WARN_SUSPICIOUS_MOVE = YES;
				CLANG_WARN_UNGUARDED_AVAILABILITY = YES_AGGRESSIVE;
				CLANG_WARN_UNREACHABLE_CODE = YES;
				CLANG_WARN__DUPLICATE_METHOD_MATCH = YES;
				COPY_PHASE_STRIP = NO;
				DEBUG_INFORMATION_FORMAT = "dwarf-with-dsym";
				ENABLE_NS_ASSERTIONS = NO;
				ENABLE_STRICT_OBJC_MSGSEND = YES;
				ENABLE_USER_SCRIPT_SANDBOXING = NO;
				GCC_C_LANGUAGE_STANDARD = gnu17;
				GCC_NO_COMMON_BLOCKS = YES;
				GCC_WARN_64_TO_32_BIT_CONVERSION = YES;
				GCC_WARN_ABOUT_RETURN_TYPE = YES_ERROR;
				GCC_WARN_UNDECLARED_SELECTOR = YES;
				GCC_WARN_UNINITIALIZED_AUTOS = YES_AGGRESSIVE;
				GCC_WARN_UNUSED_FUNCTION = YES;
				GCC_WARN_UNUSED_VARIABLE = YES;
				LOCALIZATION_PREFERS_STRING_CATALOGS = YES;
				MTL_ENABLE_DEBUG_INFO = NO;
				MTL_FAST_MATH = YES;
				ONLY_ACTIVE_ARCH = NO;
				SWIFT_COMPILATION_MODE = wholemodule;
			};
			name = Release;
		};
		DAF36CF42C3A207E00CAC7C8 /* Debug */ = {
			isa = XCBuildConfiguration;
			baseConfigurationReference = 5FEB7A364ED4EDBD3B7F1BDC /* Pods-EyeAeon.debug.xcconfig */;
			buildSettings = {
				ASSETCATALOG_COMPILER_APPICON_NAME = AppIcon;
				ASSETCATALOG_COMPILER_GLOBAL_ACCENT_COLOR_NAME = AccentColor;
				CODE_SIGN_ENTITLEMENTS = EyeAeon/EyeAeon.entitlements;
				CODE_SIGN_STYLE = Automatic;
				CURRENT_PROJECT_VERSION = 1;
				DEVELOPMENT_ASSET_PATHS = "\"EyeAeon/Preview Content\"";
				DEVELOPMENT_TEAM = QFQW29JWKY;
				ENABLE_HARDENED_RUNTIME = YES;
				ENABLE_PREVIEWS = YES;
				GENERATE_INFOPLIST_FILE = YES;
				INFOPLIST_FILE = EyeAeon/Info.plist;
				"INFOPLIST_KEY_UIApplicationSceneManifest_Generation[sdk=iphoneos*]" = YES;
				"INFOPLIST_KEY_UIApplicationSceneManifest_Generation[sdk=iphonesimulator*]" = YES;
				"INFOPLIST_KEY_UIApplicationSupportsIndirectInputEvents[sdk=iphoneos*]" = YES;
				"INFOPLIST_KEY_UIApplicationSupportsIndirectInputEvents[sdk=iphonesimulator*]" = YES;
				"INFOPLIST_KEY_UILaunchScreen_Generation[sdk=iphoneos*]" = YES;
				"INFOPLIST_KEY_UILaunchScreen_Generation[sdk=iphonesimulator*]" = YES;
				"INFOPLIST_KEY_UIStatusBarStyle[sdk=iphoneos*]" = UIStatusBarStyleDefault;
				"INFOPLIST_KEY_UIStatusBarStyle[sdk=iphonesimulator*]" = UIStatusBarStyleDefault;
				INFOPLIST_KEY_UISupportedInterfaceOrientations_iPad = "UIInterfaceOrientationPortrait UIInterfaceOrientationPortraitUpsideDown UIInterfaceOrientationLandscapeLeft UIInterfaceOrientationLandscapeRight";
				INFOPLIST_KEY_UISupportedInterfaceOrientations_iPhone = "UIInterfaceOrientationPortrait UIInterfaceOrientationLandscapeLeft UIInterfaceOrientationLandscapeRight";
				IPHONEOS_DEPLOYMENT_TARGET = 17.4;
				LD_RUNPATH_SEARCH_PATHS = "@executable_path/Frameworks";
				"LD_RUNPATH_SEARCH_PATHS[sdk=macosx*]" = "@executable_path/../Frameworks";
				MACOSX_DEPLOYMENT_TARGET = 14.4;
				MARKETING_VERSION = 1.0;
				ONLY_ACTIVE_ARCH = YES;
				PRODUCT_BUNDLE_IDENTIFIER = com.davalcato.EyeAeon;
				PRODUCT_NAME = "$(TARGET_NAME)";
				SDKROOT = auto;
				SUPPORTED_PLATFORMS = "iphoneos iphonesimulator macosx";
				SWIFT_EMIT_LOC_STRINGS = YES;
				SWIFT_VERSION = 5.0;
				TARGETED_DEVICE_FAMILY = "1,2";
			};
			name = Debug;
		};
		DAF36CF52C3A207E00CAC7C8 /* Release */ = {
			isa = XCBuildConfiguration;
			baseConfigurationReference = A7FE2673D4407B393B170658 /* Pods-EyeAeon.release.xcconfig */;
			buildSettings = {
				ASSETCATALOG_COMPILER_APPICON_NAME = AppIcon;
				ASSETCATALOG_COMPILER_GLOBAL_ACCENT_COLOR_NAME = AccentColor;
				CODE_SIGN_ENTITLEMENTS = EyeAeon/EyeAeon.entitlements;
				CODE_SIGN_STYLE = Automatic;
				CURRENT_PROJECT_VERSION = 1;
				DEVELOPMENT_ASSET_PATHS = "\"EyeAeon/Preview Content\"";
				DEVELOPMENT_TEAM = QFQW29JWKY;
				ENABLE_HARDENED_RUNTIME = YES;
				ENABLE_PREVIEWS = YES;
				GENERATE_INFOPLIST_FILE = YES;
				INFOPLIST_FILE = EyeAeon/Info.plist;
				"INFOPLIST_KEY_UIApplicationSceneManifest_Generation[sdk=iphoneos*]" = YES;
				"INFOPLIST_KEY_UIApplicationSceneManifest_Generation[sdk=iphonesimulator*]" = YES;
				"INFOPLIST_KEY_UIApplicationSupportsIndirectInputEvents[sdk=iphoneos*]" = YES;
				"INFOPLIST_KEY_UIApplicationSupportsIndirectInputEvents[sdk=iphonesimulator*]" = YES;
				"INFOPLIST_KEY_UILaunchScreen_Generation[sdk=iphoneos*]" = YES;
				"INFOPLIST_KEY_UILaunchScreen_Generation[sdk=iphonesimulator*]" = YES;
				"INFOPLIST_KEY_UIStatusBarStyle[sdk=iphoneos*]" = UIStatusBarStyleDefault;
				"INFOPLIST_KEY_UIStatusBarStyle[sdk=iphonesimulator*]" = UIStatusBarStyleDefault;
				INFOPLIST_KEY_UISupportedInterfaceOrientations_iPad = "UIInterfaceOrientationPortrait UIInterfaceOrientationPortraitUpsideDown UIInterfaceOrientationLandscapeLeft UIInterfaceOrientationLandscapeRight";
				INFOPLIST_KEY_UISupportedInterfaceOrientations_iPhone = "UIInterfaceOrientationPortrait UIInterfaceOrientationLandscapeLeft UIInterfaceOrientationLandscapeRight";
				IPHONEOS_DEPLOYMENT_TARGET = 17.4;
				LD_RUNPATH_SEARCH_PATHS = "@executable_path/Frameworks";
				"LD_RUNPATH_SEARCH_PATHS[sdk=macosx*]" = "@executable_path/../Frameworks";
				MACOSX_DEPLOYMENT_TARGET = 14.4;
				MARKETING_VERSION = 1.0;
				ONLY_ACTIVE_ARCH = YES;
				PRODUCT_BUNDLE_IDENTIFIER = com.davalcato.EyeAeon;
				PRODUCT_NAME = "$(TARGET_NAME)";
				SDKROOT = auto;
				SUPPORTED_PLATFORMS = "iphoneos iphonesimulator macosx";
				SWIFT_EMIT_LOC_STRINGS = YES;
				SWIFT_VERSION = 5.0;
				TARGETED_DEVICE_FAMILY = "1,2";
			};
			name = Release;
		};
		DAF36CF72C3A207E00CAC7C8 /* Debug */ = {
			isa = XCBuildConfiguration;
			baseConfigurationReference = B1CAF11985DF87FD4F3E55A7 /* Pods-EyeAeonTests.debug.xcconfig */;
			buildSettings = {
				ALWAYS_EMBED_SWIFT_STANDARD_LIBRARIES = YES;
				BUNDLE_LOADER = "$(TEST_HOST)";
				CODE_SIGN_STYLE = Automatic;
				CURRENT_PROJECT_VERSION = 1;
				DEVELOPMENT_TEAM = QFQW29JWKY;
				GENERATE_INFOPLIST_FILE = YES;
				IPHONEOS_DEPLOYMENT_TARGET = 17.4;
				MACOSX_DEPLOYMENT_TARGET = 14.4;
				MARKETING_VERSION = 1.0;
				PRODUCT_BUNDLE_IDENTIFIER = com.davalcato.EyeAeonTests;
				PRODUCT_NAME = "$(TARGET_NAME)";
				SDKROOT = auto;
				SUPPORTED_PLATFORMS = "iphoneos iphonesimulator macosx";
				SWIFT_EMIT_LOC_STRINGS = NO;
				SWIFT_VERSION = 5.0;
				TARGETED_DEVICE_FAMILY = "1,2";
				TEST_HOST = "$(BUILT_PRODUCTS_DIR)/EyeAeon.app/$(BUNDLE_EXECUTABLE_FOLDER_PATH)/EyeAeon";
			};
			name = Debug;
		};
		DAF36CF82C3A207E00CAC7C8 /* Release */ = {
			isa = XCBuildConfiguration;
			baseConfigurationReference = 7016DA22E76B8E48805E783B /* Pods-EyeAeonTests.release.xcconfig */;
			buildSettings = {
				ALWAYS_EMBED_SWIFT_STANDARD_LIBRARIES = YES;
				BUNDLE_LOADER = "$(TEST_HOST)";
				CODE_SIGN_STYLE = Automatic;
				CURRENT_PROJECT_VERSION = 1;
				DEVELOPMENT_TEAM = QFQW29JWKY;
				GENERATE_INFOPLIST_FILE = YES;
				IPHONEOS_DEPLOYMENT_TARGET = 17.4;
				MACOSX_DEPLOYMENT_TARGET = 14.4;
				MARKETING_VERSION = 1.0;
				PRODUCT_BUNDLE_IDENTIFIER = com.davalcato.EyeAeonTests;
				PRODUCT_NAME = "$(TARGET_NAME)";
				SDKROOT = auto;
				SUPPORTED_PLATFORMS = "iphoneos iphonesimulator macosx";
				SWIFT_EMIT_LOC_STRINGS = NO;
				SWIFT_VERSION = 5.0;
				TARGETED_DEVICE_FAMILY = "1,2";
				TEST_HOST = "$(BUILT_PRODUCTS_DIR)/EyeAeon.app/$(BUNDLE_EXECUTABLE_FOLDER_PATH)/EyeAeon";
			};
			name = Release;
		};
		DAF36CFA2C3A207E00CAC7C8 /* Debug */ = {
			isa = XCBuildConfiguration;
			baseConfigurationReference = 698F6F6493B6B7F9D37C4A82 /* Pods-EyeAeon-EyeAeonUITests.debug.xcconfig */;
			buildSettings = {
				ALWAYS_EMBED_SWIFT_STANDARD_LIBRARIES = YES;
				CODE_SIGN_STYLE = Automatic;
				CURRENT_PROJECT_VERSION = 1;
				DEVELOPMENT_TEAM = QFQW29JWKY;
				GENERATE_INFOPLIST_FILE = YES;
				IPHONEOS_DEPLOYMENT_TARGET = 17.4;
				MACOSX_DEPLOYMENT_TARGET = 14.4;
				MARKETING_VERSION = 1.0;
				PRODUCT_BUNDLE_IDENTIFIER = com.davalcato.EyeAeonUITests;
				PRODUCT_NAME = "$(TARGET_NAME)";
				SDKROOT = auto;
				SUPPORTED_PLATFORMS = "iphoneos iphonesimulator macosx";
				SWIFT_EMIT_LOC_STRINGS = NO;
				SWIFT_VERSION = 5.0;
				TARGETED_DEVICE_FAMILY = "1,2";
				TEST_TARGET_NAME = EyeAeon;
			};
			name = Debug;
		};
		DAF36CFB2C3A207E00CAC7C8 /* Release */ = {
			isa = XCBuildConfiguration;
			baseConfigurationReference = 24F07846B91110AFD462F2F7 /* Pods-EyeAeon-EyeAeonUITests.release.xcconfig */;
			buildSettings = {
				ALWAYS_EMBED_SWIFT_STANDARD_LIBRARIES = YES;
				CODE_SIGN_STYLE = Automatic;
				CURRENT_PROJECT_VERSION = 1;
				DEVELOPMENT_TEAM = QFQW29JWKY;
				GENERATE_INFOPLIST_FILE = YES;
				IPHONEOS_DEPLOYMENT_TARGET = 17.4;
				MACOSX_DEPLOYMENT_TARGET = 14.4;
				MARKETING_VERSION = 1.0;
				PRODUCT_BUNDLE_IDENTIFIER = com.davalcato.EyeAeonUITests;
				PRODUCT_NAME = "$(TARGET_NAME)";
				SDKROOT = auto;
				SUPPORTED_PLATFORMS = "iphoneos iphonesimulator macosx";
				SWIFT_EMIT_LOC_STRINGS = NO;
				SWIFT_VERSION = 5.0;
				TARGETED_DEVICE_FAMILY = "1,2";
				TEST_TARGET_NAME = EyeAeon;
			};
			name = Release;
		};
/* End XCBuildConfiguration section */

/* Begin XCConfigurationList section */
		DAF36CC92C3A207B00CAC7C8 /* Build configuration list for PBXProject "EyeAeon" */ = {
			isa = XCConfigurationList;
			buildConfigurations = (
				DAF36CF12C3A207E00CAC7C8 /* Debug */,
				DAF36CF22C3A207E00CAC7C8 /* Release */,
			);
			defaultConfigurationIsVisible = 0;
			defaultConfigurationName = Release;
		};
		DAF36CF32C3A207E00CAC7C8 /* Build configuration list for PBXNativeTarget "EyeAeon" */ = {
			isa = XCConfigurationList;
			buildConfigurations = (
				DAF36CF42C3A207E00CAC7C8 /* Debug */,
				DAF36CF52C3A207E00CAC7C8 /* Release */,
			);
			defaultConfigurationIsVisible = 0;
			defaultConfigurationName = Release;
		};
		DAF36CF62C3A207E00CAC7C8 /* Build configuration list for PBXNativeTarget "EyeAeonTests" */ = {
			isa = XCConfigurationList;
			buildConfigurations = (
				DAF36CF72C3A207E00CAC7C8 /* Debug */,
				DAF36CF82C3A207E00CAC7C8 /* Release */,
			);
			defaultConfigurationIsVisible = 0;
			defaultConfigurationName = Release;
		};
		DAF36CF92C3A207E00CAC7C8 /* Build configuration list for PBXNativeTarget "EyeAeonUITests" */ = {
			isa = XCConfigurationList;
			buildConfigurations = (
				DAF36CFA2C3A207E00CAC7C8 /* Debug */,
				DAF36CFB2C3A207E00CAC7C8 /* Release */,
			);
			defaultConfigurationIsVisible = 0;
			defaultConfigurationName = Release;
		};
/* End XCConfigurationList section */

/* Begin XCRemoteSwiftPackageReference section */
		DA09FF432C3E07FF00A37750 /* XCRemoteSwiftPackageReference "keychain-swift" */ = {
			isa = XCRemoteSwiftPackageReference;
			repositoryURL = "https://github.com/evgenyneu/keychain-swift";
			requirement = {
				kind = upToNextMajorVersion;
				minimumVersion = 24.0.0;
			};
		};
/* End XCRemoteSwiftPackageReference section */
	};
	rootObject = DAF36CC62C3A207B00CAC7C8 /* Project object */;
}
